
Microsoft Visual Studio Solution File, Format Version 12.00
# Visual Studio 15
VisualStudioVersion = 15.0.27004.2009
MinimumVisualStudioVersion = 10.0.40219.1
Project("{FAE04EC0-301F-11D3-BF4B-00C04F79EFBC}") = "Exercise01", "Exercise01\Exercise01.csproj", "{CD4100B9-3E80-42B7-B6F1-3BDE7A42982D}"
EndProject
Project("{FAE04EC0-301F-11D3-BF4B-00C04F79EFBC}") = "Exercise02", "Exercise02\Exercise02.csproj", "{E66D4845-1B17-485D-8E70-31D03340007D}"
EndProject
Project("{FAE04EC0-301F-11D3-BF4B-00C04F79EFBC}") = "TestBlock03", "TestBlock03\TestBlock03.csproj", "{2E32770D-BD89-4E63-9BEF-DFC56131B9C0}"
EndProject
Project("{FAE04EC0-301F-11D3-BF4B-00C04F79EFBC}") = "Exercise03", "Exercise03\Exercise03.csproj", "{76B26C7D-A893-4244-918E-7ADC5C6DD234}"
EndProject
Project("{FAE04EC0-301F-11D3-BF4B-00C04F79EFBC}") = "Exercise08", "Exercise08\Exercise08.csproj", "{A38DBE16-70CA-4501-99DB-F029AC79CA57}"
EndProject
Project("{FAE04EC0-301F-11D3-BF4B-00C04F79EFBC}") = "Exercise05", "Exercise05\Exercise05.csproj", "{523C2A3E-2E13-4931-B4BA-8DE4A112D5C1}"
EndProject
Project("{FAE04EC0-301F-11D3-BF4B-00C04F79EFBC}") = "Exercise09", "Exercise09\Exercise09.csproj", "{52238968-67C6-4F7D-8C2B-1F2BCCA2DD19}"
EndProject
Project("{FAE04EC0-301F-11D3-BF4B-00C04F79EFBC}") = "Exercise10", "Exercise10\Exercise10.csproj", "{D8EF24DB-0DBC-4A3A-9E21-22BDD2D2501F}"
EndProject
Project("{FAE04EC0-301F-11D3-BF4B-00C04F79EFBC}") = "Exercise04", "Exercise04\Exercise04.csproj", "{E9B063CA-CD27-47E3-9824-3192FD1F86A1}"
EndProject
Project("{FAE04EC0-301F-11D3-BF4B-00C04F79EFBC}") = "Exercise06", "Exercise06\Exercise06.csproj", "{748ED170-27B2-4B2B-A3AB-1DA50701F5EA}"
EndProject
Project("{FAE04EC0-301F-11D3-BF4B-00C04F79EFBC}") = "Exercise07", "Exercise07\Exercise07.csproj", "{6C04AE48-9C1C-4C68-90C3-621AF8E2C746}"
EndProject
Global
	GlobalSection(SolutionConfigurationPlatforms) = preSolution
		Debug|Any CPU = Debug|Any CPU
		Release|Any CPU = Release|Any CPU
	EndGlobalSection
	GlobalSection(ProjectConfigurationPlatforms) = postSolution
		{CD4100B9-3E80-42B7-B6F1-3BDE7A42982D}.Debug|Any CPU.ActiveCfg = Debug|Any CPU
		{CD4100B9-3E80-42B7-B6F1-3BDE7A42982D}.Debug|Any CPU.Build.0 = Debug|Any CPU
		{CD4100B9-3E80-42B7-B6F1-3BDE7A42982D}.Release|Any CPU.ActiveCfg = Release|Any CPU
		{CD4100B9-3E80-42B7-B6F1-3BDE7A42982D}.Release|Any CPU.Build.0 = Release|Any CPU
		{E66D4845-1B17-485D-8E70-31D03340007D}.Debug|Any CPU.ActiveCfg = Debug|Any CPU
		{E66D4845-1B17-485D-8E70-31D03340007D}.Debug|Any CPU.Build.0 = Debug|Any CPU
		{E66D4845-1B17-485D-8E70-31D03340007D}.Release|Any CPU.ActiveCfg = Release|Any CPU
		{E66D4845-1B17-485D-8E70-31D03340007D}.Release|Any CPU.Build.0 = Release|Any CPU
		{2E32770D-BD89-4E63-9BEF-DFC56131B9C0}.Debug|Any CPU.ActiveCfg = Debug|Any CPU
		{2E32770D-BD89-4E63-9BEF-DFC56131B9C0}.Debug|Any CPU.Build.0 = Debug|Any CPU
		{2E32770D-BD89-4E63-9BEF-DFC56131B9C0}.Release|Any CPU.ActiveCfg = Release|Any CPU
		{2E32770D-BD89-4E63-9BEF-DFC56131B9C0}.Release|Any CPU.Build.0 = Release|Any CPU
		{76B26C7D-A893-4244-918E-7ADC5C6DD234}.Debug|Any CPU.ActiveCfg = Debug|Any CPU
		{76B26C7D-A893-4244-918E-7ADC5C6DD234}.Debug|Any CPU.Build.0 = Debug|Any CPU
		{76B26C7D-A893-4244-918E-7ADC5C6DD234}.Release|Any CPU.ActiveCfg = Release|Any CPU
		{76B26C7D-A893-4244-918E-7ADC5C6DD234}.Release|Any CPU.Build.0 = Release|Any CPU
		{A38DBE16-70CA-4501-99DB-F029AC79CA57}.Debug|Any CPU.ActiveCfg = Debug|Any CPU
		{A38DBE16-70CA-4501-99DB-F029AC79CA57}.Debug|Any CPU.Build.0 = Debug|Any CPU
		{A38DBE16-70CA-4501-99DB-F029AC79CA57}.Release|Any CPU.ActiveCfg = Release|Any CPU
		{A38DBE16-70CA-4501-99DB-F029AC79CA57}.Release|Any CPU.Build.0 = Release|Any CPU
		{523C2A3E-2E13-4931-B4BA-8DE4A112D5C1}.Debug|Any CPU.ActiveCfg = Debug|Any CPU
		{523C2A3E-2E13-4931-B4BA-8DE4A112D5C1}.Debug|Any CPU.Build.0 = Debug|Any CPU
		{523C2A3E-2E13-4931-B4BA-8DE4A112D5C1}.Release|Any CPU.ActiveCfg = Release|Any CPU
		{523C2A3E-2E13-4931-B4BA-8DE4A112D5C1}.Release|Any CPU.Build.0 = Release|Any CPU
		{52238968-67C6-4F7D-8C2B-1F2BCCA2DD19}.Debug|Any CPU.ActiveCfg = Debug|Any CPU
		{52238968-67C6-4F7D-8C2B-1F2BCCA2DD19}.Debug|Any CPU.Build.0 = Debug|Any CPU
		{52238968-67C6-4F7D-8C2B-1F2BCCA2DD19}.Release|Any CPU.ActiveCfg = Release|Any CPU
		{52238968-67C6-4F7D-8C2B-1F2BCCA2DD19}.Release|Any CPU.Build.0 = Release|Any CPU
		{D8EF24DB-0DBC-4A3A-9E21-22BDD2D2501F}.Debug|Any CPU.ActiveCfg = Debug|Any CPU
		{D8EF24DB-0DBC-4A3A-9E21-22BDD2D2501F}.Debug|Any CPU.Build.0 = Debug|Any CPU
		{D8EF24DB-0DBC-4A3A-9E21-22BDD2D2501F}.Release|Any CPU.ActiveCfg = Release|Any CPU
		{D8EF24DB-0DBC-4A3A-9E21-22BDD2D2501F}.Release|Any CPU.Build.0 = Release|Any CPU
		{E9B063CA-CD27-47E3-9824-3192FD1F86A1}.Debug|Any CPU.ActiveCfg = Debug|Any CPU
		{E9B063CA-CD27-47E3-9824-3192FD1F86A1}.Debug|Any CPU.Build.0 = Debug|Any CPU
		{E9B063CA-CD27-47E3-9824-3192FD1F86A1}.Release|Any CPU.ActiveCfg = Release|Any CPU
		{E9B063CA-CD27-47E3-9824-3192FD1F86A1}.Release|Any CPU.Build.0 = Release|Any CPU
		{748ED170-27B2-4B2B-A3AB-1DA50701F5EA}.Debug|Any CPU.ActiveCfg = Debug|Any CPU
		{748ED170-27B2-4B2B-A3AB-1DA50701F5EA}.Debug|Any CPU.Build.0 = Debug|Any CPU
		{748ED170-27B2-4B2B-A3AB-1DA50701F5EA}.Release|Any CPU.ActiveCfg = Release|Any CPU
		{748ED170-27B2-4B2B-A3AB-1DA50701F5EA}.Release|Any CPU.Build.0 = Release|Any CPU
		{6C04AE48-9C1C-4C68-90C3-621AF8E2C746}.Debug|Any CPU.ActiveCfg = Debug|Any CPU
		{6C04AE48-9C1C-4C68-90C3-621AF8E2C746}.Debug|Any CPU.Build.0 = Debug|Any CPU
		{6C04AE48-9C1C-4C68-90C3-621AF8E2C746}.Release|Any CPU.ActiveCfg = Release|Any CPU
		{6C04AE48-9C1C-4C68-90C3-621AF8E2C746}.Release|Any CPU.Build.0 = Release|Any CPU
	EndGlobalSection
	GlobalSection(SolutionProperties) = preSolution
		HideSolutionNode = FALSE
	EndGlobalSection
	GlobalSection(ExtensibilityGlobals) = postSolution
		SolutionGuid = {94B7F348-70B9-4C89-A684-F8FDFA86F688}
	EndGlobalSection
EndGlobal
